
Microsoft Visual Studio Solution File, Format Version 12.00
# Visual Studio 15
VisualStudioVersion = 15.0.27004.2008
MinimumVisualStudioVersion = 10.0.40219.1
Project("{FAE04EC0-301F-11D3-BF4B-00C04F79EFBC}") = "CustomLabelTest.Android", "CustomLabelTest\CustomLabelTest.Android\CustomLabelTest.Android.csproj", "{F54177E9-E9C8-4B6D-827A-D7FCD159E3D9}"
EndProject
Project("{FAE04EC0-301F-11D3-BF4B-00C04F79EFBC}") = "CustomLabelTest", "CustomLabelTest\CustomLabelTest\CustomLabelTest.csproj", "{97E74804-CB09-419B-8DE9-F7B37F8D8F2E}"
EndProject
Project("{FAE04EC0-301F-11D3-BF4B-00C04F79EFBC}") = "CustomLabelTest.UWP", "CustomLabelTest\CustomLabelTest.UWP\CustomLabelTest.UWP.csproj", "{163D9813-995A-4C30-9C4D-944BB1EA9A2B}"
EndProject
Project("{FAE04EC0-301F-11D3-BF4B-00C04F79EFBC}") = "CustomLabelTest.iOS", "CustomLabelTest\CustomLabelTest.iOS\CustomLabelTest.iOS.csproj", "{603EF138-5AEA-4808-BEC2-CC0B6A9AB3F6}"
EndProject
Global
	GlobalSection(SolutionConfigurationPlatforms) = preSolution
		Ad-Hoc|Any CPU = Ad-Hoc|Any CPU
		Ad-Hoc|ARM = Ad-Hoc|ARM
		Ad-Hoc|iPhone = Ad-Hoc|iPhone
		Ad-Hoc|iPhoneSimulator = Ad-Hoc|iPhoneSimulator
		Ad-Hoc|x64 = Ad-Hoc|x64
		Ad-Hoc|x86 = Ad-Hoc|x86
		AppStore|Any CPU = AppStore|Any CPU
		AppStore|ARM = AppStore|ARM
		AppStore|iPhone = AppStore|iPhone
		AppStore|iPhoneSimulator = AppStore|iPhoneSimulator
		AppStore|x64 = AppStore|x64
		AppStore|x86 = AppStore|x86
		Debug|Any CPU = Debug|Any CPU
		Debug|ARM = Debug|ARM
		Debug|iPhone = Debug|iPhone
		Debug|iPhoneSimulator = Debug|iPhoneSimulator
		Debug|x64 = Debug|x64
		Debug|x86 = Debug|x86
		Release|Any CPU = Release|Any CPU
		Release|ARM = Release|ARM
		Release|iPhone = Release|iPhone
		Release|iPhoneSimulator = Release|iPhoneSimulator
		Release|x64 = Release|x64
		Release|x86 = Release|x86
	EndGlobalSection
	GlobalSection(ProjectConfigurationPlatforms) = postSolution
		{F54177E9-E9C8-4B6D-827A-D7FCD159E3D9}.Ad-Hoc|Any CPU.ActiveCfg = Release|Any CPU
		{F54177E9-E9C8-4B6D-827A-D7FCD159E3D9}.Ad-Hoc|Any CPU.Build.0 = Release|Any CPU
		{F54177E9-E9C8-4B6D-827A-D7FCD159E3D9}.Ad-Hoc|Any CPU.Deploy.0 = Release|Any CPU
		{F54177E9-E9C8-4B6D-827A-D7FCD159E3D9}.Ad-Hoc|ARM.ActiveCfg = Release|Any CPU
		{F54177E9-E9C8-4B6D-827A-D7FCD159E3D9}.Ad-Hoc|ARM.Build.0 = Release|Any CPU
		{F54177E9-E9C8-4B6D-827A-D7FCD159E3D9}.Ad-Hoc|ARM.Deploy.0 = Release|Any CPU
		{F54177E9-E9C8-4B6D-827A-D7FCD159E3D9}.Ad-Hoc|iPhone.ActiveCfg = Release|Any CPU
		{F54177E9-E9C8-4B6D-827A-D7FCD159E3D9}.Ad-Hoc|iPhone.Build.0 = Release|Any CPU
		{F54177E9-E9C8-4B6D-827A-D7FCD159E3D9}.Ad-Hoc|iPhone.Deploy.0 = Release|Any CPU
		{F54177E9-E9C8-4B6D-827A-D7FCD159E3D9}.Ad-Hoc|iPhoneSimulator.ActiveCfg = Release|Any CPU
		{F54177E9-E9C8-4B6D-827A-D7FCD159E3D9}.Ad-Hoc|iPhoneSimulator.Build.0 = Release|Any CPU
		{F54177E9-E9C8-4B6D-827A-D7FCD159E3D9}.Ad-Hoc|iPhoneSimulator.Deploy.0 = Release|Any CPU
		{F54177E9-E9C8-4B6D-827A-D7FCD159E3D9}.Ad-Hoc|x64.ActiveCfg = Release|Any CPU
		{F54177E9-E9C8-4B6D-827A-D7FCD159E3D9}.Ad-Hoc|x64.Build.0 = Release|Any CPU
		{F54177E9-E9C8-4B6D-827A-D7FCD159E3D9}.Ad-Hoc|x64.Deploy.0 = Release|Any CPU
		{F54177E9-E9C8-4B6D-827A-D7FCD159E3D9}.Ad-Hoc|x86.ActiveCfg = Release|Any CPU
		{F54177E9-E9C8-4B6D-827A-D7FCD159E3D9}.Ad-Hoc|x86.Build.0 = Release|Any CPU
		{F54177E9-E9C8-4B6D-827A-D7FCD159E3D9}.Ad-Hoc|x86.Deploy.0 = Release|Any CPU
		{F54177E9-E9C8-4B6D-827A-D7FCD159E3D9}.AppStore|Any CPU.ActiveCfg = Release|Any CPU
		{F54177E9-E9C8-4B6D-827A-D7FCD159E3D9}.AppStore|Any CPU.Build.0 = Release|Any CPU
		{F54177E9-E9C8-4B6D-827A-D7FCD159E3D9}.AppStore|Any CPU.Deploy.0 = Release|Any CPU
		{F54177E9-E9C8-4B6D-827A-D7FCD159E3D9}.AppStore|ARM.ActiveCfg = Release|Any CPU
		{F54177E9-E9C8-4B6D-827A-D7FCD159E3D9}.AppStore|ARM.Build.0 = Release|Any CPU
		{F54177E9-E9C8-4B6D-827A-D7FCD159E3D9}.AppStore|ARM.Deploy.0 = Release|Any CPU
		{F54177E9-E9C8-4B6D-827A-D7FCD159E3D9}.AppStore|iPhone.ActiveCfg = Release|Any CPU
		{F54177E9-E9C8-4B6D-827A-D7FCD159E3D9}.AppStore|iPhone.Build.0 = Release|Any CPU
		{F54177E9-E9C8-4B6D-827A-D7FCD159E3D9}.AppStore|iPhone.Deploy.0 = Release|Any CPU
		{F54177E9-E9C8-4B6D-827A-D7FCD159E3D9}.AppStore|iPhoneSimulator.ActiveCfg = Release|Any CPU
		{F54177E9-E9C8-4B6D-827A-D7FCD159E3D9}.AppStore|iPhoneSimulator.Build.0 = Release|Any CPU
		{F54177E9-E9C8-4B6D-827A-D7FCD159E3D9}.AppStore|iPhoneSimulator.Deploy.0 = Release|Any CPU
		{F54177E9-E9C8-4B6D-827A-D7FCD159E3D9}.AppStore|x64.ActiveCfg = Release|Any CPU
		{F54177E9-E9C8-4B6D-827A-D7FCD159E3D9}.AppStore|x64.Build.0 = Release|Any CPU
		{F54177E9-E9C8-4B6D-827A-D7FCD159E3D9}.AppStore|x64.Deploy.0 = Release|Any CPU
		{F54177E9-E9C8-4B6D-827A-D7FCD159E3D9}.AppStore|x86.ActiveCfg = Release|Any CPU
		{F54177E9-E9C8-4B6D-827A-D7FCD159E3D9}.AppStore|x86.Build.0 = Release|Any CPU
		{F54177E9-E9C8-4B6D-827A-D7FCD159E3D9}.AppStore|x86.Deploy.0 = Release|Any CPU
		{F54177E9-E9C8-4B6D-827A-D7FCD159E3D9}.Debug|Any CPU.ActiveCfg = Debug|Any CPU
		{F54177E9-E9C8-4B6D-827A-D7FCD159E3D9}.Debug|Any CPU.Build.0 = Debug|Any CPU
		{F54177E9-E9C8-4B6D-827A-D7FCD159E3D9}.Debug|Any CPU.Deploy.0 = Debug|Any CPU
		{F54177E9-E9C8-4B6D-827A-D7FCD159E3D9}.Debug|ARM.ActiveCfg = Debug|Any CPU
		{F54177E9-E9C8-4B6D-827A-D7FCD159E3D9}.Debug|ARM.Build.0 = Debug|Any CPU
		{F54177E9-E9C8-4B6D-827A-D7FCD159E3D9}.Debug|ARM.Deploy.0 = Debug|Any CPU
		{F54177E9-E9C8-4B6D-827A-D7FCD159E3D9}.Debug|iPhone.ActiveCfg = Debug|Any CPU
		{F54177E9-E9C8-4B6D-827A-D7FCD159E3D9}.Debug|iPhone.Build.0 = Debug|Any CPU
		{F54177E9-E9C8-4B6D-827A-D7FCD159E3D9}.Debug|iPhone.Deploy.0 = Debug|Any CPU
		{F54177E9-E9C8-4B6D-827A-D7FCD159E3D9}.Debug|iPhoneSimulator.ActiveCfg = Debug|Any CPU
		{F54177E9-E9C8-4B6D-827A-D7FCD159E3D9}.Debug|iPhoneSimulator.Build.0 = Debug|Any CPU
		{F54177E9-E9C8-4B6D-827A-D7FCD159E3D9}.Debug|iPhoneSimulator.Deploy.0 = Debug|Any CPU
		{F54177E9-E9C8-4B6D-827A-D7FCD159E3D9}.Debug|x64.ActiveCfg = Debug|Any CPU
		{F54177E9-E9C8-4B6D-827A-D7FCD159E3D9}.Debug|x64.Build.0 = Debug|Any CPU
		{F54177E9-E9C8-4B6D-827A-D7FCD159E3D9}.Debug|x64.Deploy.0 = Debug|Any CPU
		{F54177E9-E9C8-4B6D-827A-D7FCD159E3D9}.Debug|x86.ActiveCfg = Debug|Any CPU
		{F54177E9-E9C8-4B6D-827A-D7FCD159E3D9}.Debug|x86.Build.0 = Debug|Any CPU
		{F54177E9-E9C8-4B6D-827A-D7FCD159E3D9}.Debug|x86.Deploy.0 = Debug|Any CPU
		{F54177E9-E9C8-4B6D-827A-D7FCD159E3D9}.Release|Any CPU.ActiveCfg = Release|Any CPU
		{F54177E9-E9C8-4B6D-827A-D7FCD159E3D9}.Release|Any CPU.Build.0 = Release|Any CPU
		{F54177E9-E9C8-4B6D-827A-D7FCD159E3D9}.Release|Any CPU.Deploy.0 = Release|Any CPU
		{F54177E9-E9C8-4B6D-827A-D7FCD159E3D9}.Release|ARM.ActiveCfg = Release|Any CPU
		{F54177E9-E9C8-4B6D-827A-D7FCD159E3D9}.Release|ARM.Build.0 = Release|Any CPU
		{F54177E9-E9C8-4B6D-827A-D7FCD159E3D9}.Release|ARM.Deploy.0 = Release|Any CPU
		{F54177E9-E9C8-4B6D-827A-D7FCD159E3D9}.Release|iPhone.ActiveCfg = Release|Any CPU
		{F54177E9-E9C8-4B6D-827A-D7FCD159E3D9}.Release|iPhone.Build.0 = Release|Any CPU
		{F54177E9-E9C8-4B6D-827A-D7FCD159E3D9}.Release|iPhone.Deploy.0 = Release|Any CPU
		{F54177E9-E9C8-4B6D-827A-D7FCD159E3D9}.Release|iPhoneSimulator.ActiveCfg = Release|Any CPU
		{F54177E9-E9C8-4B6D-827A-D7FCD159E3D9}.Release|iPhoneSimulator.Build.0 = Release|Any CPU
		{F54177E9-E9C8-4B6D-827A-D7FCD159E3D9}.Release|iPhoneSimulator.Deploy.0 = Release|Any CPU
		{F54177E9-E9C8-4B6D-827A-D7FCD159E3D9}.Release|x64.ActiveCfg = Release|Any CPU
		{F54177E9-E9C8-4B6D-827A-D7FCD159E3D9}.Release|x64.Build.0 = Release|Any CPU
		{F54177E9-E9C8-4B6D-827A-D7FCD159E3D9}.Release|x64.Deploy.0 = Release|Any CPU
		{F54177E9-E9C8-4B6D-827A-D7FCD159E3D9}.Release|x86.ActiveCfg = Release|Any CPU
		{F54177E9-E9C8-4B6D-827A-D7FCD159E3D9}.Release|x86.Build.0 = Release|Any CPU
		{F54177E9-E9C8-4B6D-827A-D7FCD159E3D9}.Release|x86.Deploy.0 = Release|Any CPU
		{97E74804-CB09-419B-8DE9-F7B37F8D8F2E}.Ad-Hoc|Any CPU.ActiveCfg = Release|Any CPU
		{97E74804-CB09-419B-8DE9-F7B37F8D8F2E}.Ad-Hoc|Any CPU.Build.0 = Release|Any CPU
		{97E74804-CB09-419B-8DE9-F7B37F8D8F2E}.Ad-Hoc|ARM.ActiveCfg = Release|Any CPU
		{97E74804-CB09-419B-8DE9-F7B37F8D8F2E}.Ad-Hoc|ARM.Build.0 = Release|Any CPU
		{97E74804-CB09-419B-8DE9-F7B37F8D8F2E}.Ad-Hoc|iPhone.ActiveCfg = Release|Any CPU
		{97E74804-CB09-419B-8DE9-F7B37F8D8F2E}.Ad-Hoc|iPhone.Build.0 = Release|Any CPU
		{97E74804-CB09-419B-8DE9-F7B37F8D8F2E}.Ad-Hoc|iPhoneSimulator.ActiveCfg = Release|Any CPU
		{97E74804-CB09-419B-8DE9-F7B37F8D8F2E}.Ad-Hoc|iPhoneSimulator.Build.0 = Release|Any CPU
		{97E74804-CB09-419B-8DE9-F7B37F8D8F2E}.Ad-Hoc|x64.ActiveCfg = Release|Any CPU
		{97E74804-CB09-419B-8DE9-F7B37F8D8F2E}.Ad-Hoc|x64.Build.0 = Release|Any CPU
		{97E74804-CB09-419B-8DE9-F7B37F8D8F2E}.Ad-Hoc|x86.ActiveCfg = Release|Any CPU
		{97E74804-CB09-419B-8DE9-F7B37F8D8F2E}.Ad-Hoc|x86.Build.0 = Release|Any CPU
		{97E74804-CB09-419B-8DE9-F7B37F8D8F2E}.AppStore|Any CPU.ActiveCfg = Release|Any CPU
		{97E74804-CB09-419B-8DE9-F7B37F8D8F2E}.AppStore|Any CPU.Build.0 = Release|Any CPU
		{97E74804-CB09-419B-8DE9-F7B37F8D8F2E}.AppStore|ARM.ActiveCfg = Release|Any CPU
		{97E74804-CB09-419B-8DE9-F7B37F8D8F2E}.AppStore|ARM.Build.0 = Release|Any CPU
		{97E74804-CB09-419B-8DE9-F7B37F8D8F2E}.AppStore|iPhone.ActiveCfg = Release|Any CPU
		{97E74804-CB09-419B-8DE9-F7B37F8D8F2E}.AppStore|iPhone.Build.0 = Release|Any CPU
		{97E74804-CB09-419B-8DE9-F7B37F8D8F2E}.AppStore|iPhoneSimulator.ActiveCfg = Release|Any CPU
		{97E74804-CB09-419B-8DE9-F7B37F8D8F2E}.AppStore|iPhoneSimulator.Build.0 = Release|Any CPU
		{97E74804-CB09-419B-8DE9-F7B37F8D8F2E}.AppStore|x64.ActiveCfg = Release|Any CPU
		{97E74804-CB09-419B-8DE9-F7B37F8D8F2E}.AppStore|x64.Build.0 = Release|Any CPU
		{97E74804-CB09-419B-8DE9-F7B37F8D8F2E}.AppStore|x86.ActiveCfg = Release|Any CPU
		{97E74804-CB09-419B-8DE9-F7B37F8D8F2E}.AppStore|x86.Build.0 = Release|Any CPU
		{97E74804-CB09-419B-8DE9-F7B37F8D8F2E}.Debug|Any CPU.ActiveCfg = Debug|Any CPU
		{97E74804-CB09-419B-8DE9-F7B37F8D8F2E}.Debug|Any CPU.Build.0 = Debug|Any CPU
		{97E74804-CB09-419B-8DE9-F7B37F8D8F2E}.Debug|ARM.ActiveCfg = Debug|Any CPU
		{97E74804-CB09-419B-8DE9-F7B37F8D8F2E}.Debug|ARM.Build.0 = Debug|Any CPU
		{97E74804-CB09-419B-8DE9-F7B37F8D8F2E}.Debug|iPhone.ActiveCfg = Debug|Any CPU
		{97E74804-CB09-419B-8DE9-F7B37F8D8F2E}.Debug|iPhone.Build.0 = Debug|Any CPU
		{97E74804-CB09-419B-8DE9-F7B37F8D8F2E}.Debug|iPhoneSimulator.ActiveCfg = Debug|Any CPU
		{97E74804-CB09-419B-8DE9-F7B37F8D8F2E}.Debug|iPhoneSimulator.Build.0 = Debug|Any CPU
		{97E74804-CB09-419B-8DE9-F7B37F8D8F2E}.Debug|x64.ActiveCfg = Debug|Any CPU
		{97E74804-CB09-419B-8DE9-F7B37F8D8F2E}.Debug|x64.Build.0 = Debug|Any CPU
		{97E74804-CB09-419B-8DE9-F7B37F8D8F2E}.Debug|x86.ActiveCfg = Debug|Any CPU
		{97E74804-CB09-419B-8DE9-F7B37F8D8F2E}.Debug|x86.Build.0 = Debug|Any CPU
		{97E74804-CB09-419B-8DE9-F7B37F8D8F2E}.Release|Any CPU.ActiveCfg = Release|Any CPU
		{97E74804-CB09-419B-8DE9-F7B37F8D8F2E}.Release|Any CPU.Build.0 = Release|Any CPU
		{97E74804-CB09-419B-8DE9-F7B37F8D8F2E}.Release|ARM.ActiveCfg = Release|Any CPU
		{97E74804-CB09-419B-8DE9-F7B37F8D8F2E}.Release|ARM.Build.0 = Release|Any CPU
		{97E74804-CB09-419B-8DE9-F7B37F8D8F2E}.Release|iPhone.ActiveCfg = Release|Any CPU
		{97E74804-CB09-419B-8DE9-F7B37F8D8F2E}.Release|iPhone.Build.0 = Release|Any CPU
		{97E74804-CB09-419B-8DE9-F7B37F8D8F2E}.Release|iPhoneSimulator.ActiveCfg = Release|Any CPU
		{97E74804-CB09-419B-8DE9-F7B37F8D8F2E}.Release|iPhoneSimulator.Build.0 = Release|Any CPU
		{97E74804-CB09-419B-8DE9-F7B37F8D8F2E}.Release|x64.ActiveCfg = Release|Any CPU
		{97E74804-CB09-419B-8DE9-F7B37F8D8F2E}.Release|x64.Build.0 = Release|Any CPU
		{97E74804-CB09-419B-8DE9-F7B37F8D8F2E}.Release|x86.ActiveCfg = Release|Any CPU
		{97E74804-CB09-419B-8DE9-F7B37F8D8F2E}.Release|x86.Build.0 = Release|Any CPU
		{163D9813-995A-4C30-9C4D-944BB1EA9A2B}.Ad-Hoc|Any CPU.ActiveCfg = Release|x86
		{163D9813-995A-4C30-9C4D-944BB1EA9A2B}.Ad-Hoc|Any CPU.Build.0 = Release|x86
		{163D9813-995A-4C30-9C4D-944BB1EA9A2B}.Ad-Hoc|Any CPU.Deploy.0 = Release|x86
		{163D9813-995A-4C30-9C4D-944BB1EA9A2B}.Ad-Hoc|ARM.ActiveCfg = Release|ARM
		{163D9813-995A-4C30-9C4D-944BB1EA9A2B}.Ad-Hoc|ARM.Build.0 = Release|ARM
		{163D9813-995A-4C30-9C4D-944BB1EA9A2B}.Ad-Hoc|ARM.Deploy.0 = Release|ARM
		{163D9813-995A-4C30-9C4D-944BB1EA9A2B}.Ad-Hoc|iPhone.ActiveCfg = Release|x86
		{163D9813-995A-4C30-9C4D-944BB1EA9A2B}.Ad-Hoc|iPhone.Build.0 = Release|x86
		{163D9813-995A-4C30-9C4D-944BB1EA9A2B}.Ad-Hoc|iPhone.Deploy.0 = Release|x86
		{163D9813-995A-4C30-9C4D-944BB1EA9A2B}.Ad-Hoc|iPhoneSimulator.ActiveCfg = Release|x86
		{163D9813-995A-4C30-9C4D-944BB1EA9A2B}.Ad-Hoc|iPhoneSimulator.Build.0 = Release|x86
		{163D9813-995A-4C30-9C4D-944BB1EA9A2B}.Ad-Hoc|iPhoneSimulator.Deploy.0 = Release|x86
		{163D9813-995A-4C30-9C4D-944BB1EA9A2B}.Ad-Hoc|x64.ActiveCfg = Release|x64
		{163D9813-995A-4C30-9C4D-944BB1EA9A2B}.Ad-Hoc|x64.Build.0 = Release|x64
		{163D9813-995A-4C30-9C4D-944BB1EA9A2B}.Ad-Hoc|x64.Deploy.0 = Release|x64
		{163D9813-995A-4C30-9C4D-944BB1EA9A2B}.Ad-Hoc|x86.ActiveCfg = Release|x86
		{163D9813-995A-4C30-9C4D-944BB1EA9A2B}.Ad-Hoc|x86.Build.0 = Release|x86
		{163D9813-995A-4C30-9C4D-944BB1EA9A2B}.Ad-Hoc|x86.Deploy.0 = Release|x86
		{163D9813-995A-4C30-9C4D-944BB1EA9A2B}.AppStore|Any CPU.ActiveCfg = Release|x86
		{163D9813-995A-4C30-9C4D-944BB1EA9A2B}.AppStore|Any CPU.Build.0 = Release|x86
		{163D9813-995A-4C30-9C4D-944BB1EA9A2B}.AppStore|Any CPU.Deploy.0 = Release|x86
		{163D9813-995A-4C30-9C4D-944BB1EA9A2B}.AppStore|ARM.ActiveCfg = Release|ARM
		{163D9813-995A-4C30-9C4D-944BB1EA9A2B}.AppStore|ARM.Build.0 = Release|ARM
		{163D9813-995A-4C30-9C4D-944BB1EA9A2B}.AppStore|ARM.Deploy.0 = Release|ARM
		{163D9813-995A-4C30-9C4D-944BB1EA9A2B}.AppStore|iPhone.ActiveCfg = Release|x86
		{163D9813-995A-4C30-9C4D-944BB1EA9A2B}.AppStore|iPhone.Build.0 = Release|x86
		{163D9813-995A-4C30-9C4D-944BB1EA9A2B}.AppStore|iPhone.Deploy.0 = Release|x86
		{163D9813-995A-4C30-9C4D-944BB1EA9A2B}.AppStore|iPhoneSimulator.ActiveCfg = Release|x86
		{163D9813-995A-4C30-9C4D-944BB1EA9A2B}.AppStore|iPhoneSimulator.Build.0 = Release|x86
		{163D9813-995A-4C30-9C4D-944BB1EA9A2B}.AppStore|iPhoneSimulator.Deploy.0 = Release|x86
		{163D9813-995A-4C30-9C4D-944BB1EA9A2B}.AppStore|x64.ActiveCfg = Release|x64
		{163D9813-995A-4C30-9C4D-944BB1EA9A2B}.AppStore|x64.Build.0 = Release|x64
		{163D9813-995A-4C30-9C4D-944BB1EA9A2B}.AppStore|x64.Deploy.0 = Release|x64
		{163D9813-995A-4C30-9C4D-944BB1EA9A2B}.AppStore|x86.ActiveCfg = Release|x86
		{163D9813-995A-4C30-9C4D-944BB1EA9A2B}.AppStore|x86.Build.0 = Release|x86
		{163D9813-995A-4C30-9C4D-944BB1EA9A2B}.AppStore|x86.Deploy.0 = Release|x86
		{163D9813-995A-4C30-9C4D-944BB1EA9A2B}.Debug|Any CPU.ActiveCfg = Debug|x86
		{163D9813-995A-4C30-9C4D-944BB1EA9A2B}.Debug|ARM.ActiveCfg = Debug|ARM
		{163D9813-995A-4C30-9C4D-944BB1EA9A2B}.Debug|ARM.Build.0 = Debug|ARM
		{163D9813-995A-4C30-9C4D-944BB1EA9A2B}.Debug|ARM.Deploy.0 = Debug|ARM
		{163D9813-995A-4C30-9C4D-944BB1EA9A2B}.Debug|iPhone.ActiveCfg = Debug|x86
		{163D9813-995A-4C30-9C4D-944BB1EA9A2B}.Debug|iPhoneSimulator.ActiveCfg = Debug|x86
		{163D9813-995A-4C30-9C4D-944BB1EA9A2B}.Debug|x64.ActiveCfg = Debug|x64
		{163D9813-995A-4C30-9C4D-944BB1EA9A2B}.Debug|x64.Build.0 = Debug|x64
		{163D9813-995A-4C30-9C4D-944BB1EA9A2B}.Debug|x64.Deploy.0 = Debug|x64
		{163D9813-995A-4C30-9C4D-944BB1EA9A2B}.Debug|x86.ActiveCfg = Debug|x86
		{163D9813-995A-4C30-9C4D-944BB1EA9A2B}.Debug|x86.Build.0 = Debug|x86
		{163D9813-995A-4C30-9C4D-944BB1EA9A2B}.Debug|x86.Deploy.0 = Debug|x86
		{163D9813-995A-4C30-9C4D-944BB1EA9A2B}.Release|Any CPU.ActiveCfg = Release|x86
		{163D9813-995A-4C30-9C4D-944BB1EA9A2B}.Release|ARM.ActiveCfg = Release|ARM
		{163D9813-995A-4C30-9C4D-944BB1EA9A2B}.Release|ARM.Build.0 = Release|ARM
		{163D9813-995A-4C30-9C4D-944BB1EA9A2B}.Release|ARM.Deploy.0 = Release|ARM
		{163D9813-995A-4C30-9C4D-944BB1EA9A2B}.Release|iPhone.ActiveCfg = Release|x86
		{163D9813-995A-4C30-9C4D-944BB1EA9A2B}.Release|iPhoneSimulator.ActiveCfg = Release|x86
		{163D9813-995A-4C30-9C4D-944BB1EA9A2B}.Release|x64.ActiveCfg = Release|x64
		{163D9813-995A-4C30-9C4D-944BB1EA9A2B}.Release|x64.Build.0 = Release|x64
		{163D9813-995A-4C30-9C4D-944BB1EA9A2B}.Release|x64.Deploy.0 = Release|x64
		{163D9813-995A-4C30-9C4D-944BB1EA9A2B}.Release|x86.ActiveCfg = Release|x86
		{163D9813-995A-4C30-9C4D-944BB1EA9A2B}.Release|x86.Build.0 = Release|x86
		{163D9813-995A-4C30-9C4D-944BB1EA9A2B}.Release|x86.Deploy.0 = Release|x86
		{603EF138-5AEA-4808-BEC2-CC0B6A9AB3F6}.Ad-Hoc|Any CPU.ActiveCfg = Ad-Hoc|iPhoneSimulator
		{603EF138-5AEA-4808-BEC2-CC0B6A9AB3F6}.Ad-Hoc|ARM.ActiveCfg = Ad-Hoc|iPhone
		{603EF138-5AEA-4808-BEC2-CC0B6A9AB3F6}.Ad-Hoc|iPhone.ActiveCfg = Ad-Hoc|iPhone
		{603EF138-5AEA-4808-BEC2-CC0B6A9AB3F6}.Ad-Hoc|iPhone.Build.0 = Ad-Hoc|iPhone
		{603EF138-5AEA-4808-BEC2-CC0B6A9AB3F6}.Ad-Hoc|iPhoneSimulator.ActiveCfg = Ad-Hoc|iPhoneSimulator
		{603EF138-5AEA-4808-BEC2-CC0B6A9AB3F6}.Ad-Hoc|iPhoneSimulator.Build.0 = Ad-Hoc|iPhoneSimulator
		{603EF138-5AEA-4808-BEC2-CC0B6A9AB3F6}.Ad-Hoc|x64.ActiveCfg = Ad-Hoc|iPhone
		{603EF138-5AEA-4808-BEC2-CC0B6A9AB3F6}.Ad-Hoc|x86.ActiveCfg = Ad-Hoc|iPhone
		{603EF138-5AEA-4808-BEC2-CC0B6A9AB3F6}.AppStore|Any CPU.ActiveCfg = AppStore|iPhoneSimulator
		{603EF138-5AEA-4808-BEC2-CC0B6A9AB3F6}.AppStore|ARM.ActiveCfg = AppStore|iPhone
		{603EF138-5AEA-4808-BEC2-CC0B6A9AB3F6}.AppStore|iPhone.ActiveCfg = AppStore|iPhone
		{603EF138-5AEA-4808-BEC2-CC0B6A9AB3F6}.AppStore|iPhone.Build.0 = AppStore|iPhone
		{603EF138-5AEA-4808-BEC2-CC0B6A9AB3F6}.AppStore|iPhoneSimulator.ActiveCfg = AppStore|iPhoneSimulator
		{603EF138-5AEA-4808-BEC2-CC0B6A9AB3F6}.AppStore|iPhoneSimulator.Build.0 = AppStore|iPhoneSimulator
		{603EF138-5AEA-4808-BEC2-CC0B6A9AB3F6}.AppStore|x64.ActiveCfg = AppStore|iPhone
		{603EF138-5AEA-4808-BEC2-CC0B6A9AB3F6}.AppStore|x86.ActiveCfg = AppStore|iPhone
		{603EF138-5AEA-4808-BEC2-CC0B6A9AB3F6}.Debug|Any CPU.ActiveCfg = Debug|iPhoneSimulator
		{603EF138-5AEA-4808-BEC2-CC0B6A9AB3F6}.Debug|ARM.ActiveCfg = Debug|iPhone
		{603EF138-5AEA-4808-BEC2-CC0B6A9AB3F6}.Debug|iPhone.ActiveCfg = Debug|iPhone
		{603EF138-5AEA-4808-BEC2-CC0B6A9AB3F6}.Debug|iPhone.Build.0 = Debug|iPhone
		{603EF138-5AEA-4808-BEC2-CC0B6A9AB3F6}.Debug|iPhoneSimulator.ActiveCfg = Debug|iPhoneSimulator
		{603EF138-5AEA-4808-BEC2-CC0B6A9AB3F6}.Debug|iPhoneSimulator.Build.0 = Debug|iPhoneSimulator
		{603EF138-5AEA-4808-BEC2-CC0B6A9AB3F6}.Debug|x64.ActiveCfg = Debug|iPhone
		{603EF138-5AEA-4808-BEC2-CC0B6A9AB3F6}.Debug|x86.ActiveCfg = Debug|iPhone
		{603EF138-5AEA-4808-BEC2-CC0B6A9AB3F6}.Release|Any CPU.ActiveCfg = Release|iPhoneSimulator
		{603EF138-5AEA-4808-BEC2-CC0B6A9AB3F6}.Release|ARM.ActiveCfg = Release|iPhone
		{603EF138-5AEA-4808-BEC2-CC0B6A9AB3F6}.Release|iPhone.ActiveCfg = Release|iPhone
		{603EF138-5AEA-4808-BEC2-CC0B6A9AB3F6}.Release|iPhone.Build.0 = Release|iPhone
		{603EF138-5AEA-4808-BEC2-CC0B6A9AB3F6}.Release|iPhoneSimulator.ActiveCfg = Release|iPhoneSimulator
		{603EF138-5AEA-4808-BEC2-CC0B6A9AB3F6}.Release|iPhoneSimulator.Build.0 = Release|iPhoneSimulator
		{603EF138-5AEA-4808-BEC2-CC0B6A9AB3F6}.Release|x64.ActiveCfg = Release|iPhone
		{603EF138-5AEA-4808-BEC2-CC0B6A9AB3F6}.Release|x86.ActiveCfg = Release|iPhone
	EndGlobalSection
	GlobalSection(SolutionProperties) = preSolution
		HideSolutionNode = FALSE
	EndGlobalSection
	GlobalSection(ExtensibilityGlobals) = postSolution
		SolutionGuid = {3ABF3722-6C50-4BFB-A77B-6CD9CC693FB6}
	EndGlobalSection
EndGlobal
